
Microsoft Visual Studio Solution File, Format Version 12.00
# Visual Studio Version 17
VisualStudioVersion = 17.11.35327.3
MinimumVisualStudioVersion = 10.0.40219.1
Project("{FAE04EC0-301F-11D3-BF4B-00C04F79EFBC}") = "FinalProjectRAS", "FinalProjectRAS\FinalProjectRAS.csproj", "{A38B697D-FEB7-40BB-B131-EF5CF46593A9}"
EndProject
Global
	GlobalSection(SolutionConfigurationPlatforms) = preSolution
		Debug|Any CPU = Debug|Any CPU
		Release|Any CPU = Release|Any CPU
	EndGlobalSection
	GlobalSection(ProjectConfigurationPlatforms) = postSolution
		{A38B697D-FEB7-40BB-B131-EF5CF46593A9}.Debug|Any CPU.ActiveCfg = Debug|Any CPU
		{A38B697D-FEB7-40BB-B131-EF5CF46593A9}.Debug|Any CPU.Build.0 = Debug|Any CPU
		{A38B697D-FEB7-40BB-B131-EF5CF46593A9}.Release|Any CPU.ActiveCfg = Release|Any CPU
		{A38B697D-FEB7-40BB-B131-EF5CF46593A9}.Release|Any CPU.Build.0 = Release|Any CPU
	EndGlobalSection
	GlobalSection(SolutionProperties) = preSolution
		HideSolutionNode = FALSE
	EndGlobalSection
	GlobalSection(ExtensibilityGlobals) = postSolution
		SolutionGuid = {070A7E1C-EAB2-4BF6-8A51-EC41D790FC0D}
	EndGlobalSection
EndGlobal
